
Microsoft Visual Studio Solution File, Format Version 12.00
# Visual Studio 14
VisualStudioVersion = 14.0.24720.0
MinimumVisualStudioVersion = 10.0.40219.1
Project("{FAE04EC0-301F-11D3-BF4B-00C04F79EFBC}") = "Desiderata", "Desiderata\Desiderata.csproj", "{9927A13A-ACF6-405B-93A0-7A04EB728012}"
EndProject
Global
	GlobalSection(SolutionConfigurationPlatforms) = preSolution
		Debug|Any CPU = Debug|Any CPU
		Release|Any CPU = Release|Any CPU
	EndGlobalSection
	GlobalSection(ProjectConfigurationPlatforms) = postSolution
		{9927A13A-ACF6-405B-93A0-7A04EB728012}.Debug|Any CPU.ActiveCfg = Debug|Any CPU
		{9927A13A-ACF6-405B-93A0-7A04EB728012}.Debug|Any CPU.Build.0 = Debug|Any CPU
		{9927A13A-ACF6-405B-93A0-7A04EB728012}.Release|Any CPU.ActiveCfg = Release|Any CPU
		{9927A13A-ACF6-405B-93A0-7A04EB728012}.Release|Any CPU.Build.0 = Release|Any CPU
	EndGlobalSection
	GlobalSection(SolutionProperties) = preSolution
		HideSolutionNode = FALSE
	EndGlobalSection
EndGlobal
